// !$*UTF8*$!
{
	archiveVersion = 1;
	classes = {
	};
	objectVersion = 56;
	objects = {

/* Begin PBXBuildFile section */
		047700632A359B140032B053 /* RegisterViewController.swift in Sources */ = {isa = PBXBuildFile; fileRef = 047700622A359B140032B053 /* RegisterViewController.swift */; };
		047E8A312A32089500436147 /* AppDelegate.swift in Sources */ = {isa = PBXBuildFile; fileRef = 047E8A302A32089500436147 /* AppDelegate.swift */; };
		047E8A332A32089500436147 /* SceneDelegate.swift in Sources */ = {isa = PBXBuildFile; fileRef = 047E8A322A32089500436147 /* SceneDelegate.swift */; };
		047E8A352A32089500436147 /* ViewController.swift in Sources */ = {isa = PBXBuildFile; fileRef = 047E8A342A32089500436147 /* ViewController.swift */; };
		047E8A382A32089500436147 /* Main.storyboard in Resources */ = {isa = PBXBuildFile; fileRef = 047E8A362A32089500436147 /* Main.storyboard */; };
		047E8A3B2A32089500436147 /* UserCoreDataProject2.xcdatamodeld in Sources */ = {isa = PBXBuildFile; fileRef = 047E8A392A32089500436147 /* UserCoreDataProject2.xcdatamodeld */; };
		047E8A3D2A32089700436147 /* Assets.xcassets in Resources */ = {isa = PBXBuildFile; fileRef = 047E8A3C2A32089700436147 /* Assets.xcassets */; };
		047E8A402A32089700436147 /* LaunchScreen.storyboard in Resources */ = {isa = PBXBuildFile; fileRef = 047E8A3E2A32089700436147 /* LaunchScreen.storyboard */; };
		047E8A492A3208E800436147 /* UserCell.swift in Sources */ = {isa = PBXBuildFile; fileRef = 047E8A472A3208E800436147 /* UserCell.swift */; };
		047E8A4A2A3208E800436147 /* UserCell.xib in Resources */ = {isa = PBXBuildFile; fileRef = 047E8A482A3208E800436147 /* UserCell.xib */; };
		04E400E82A35B5A50098BD77 /* CornerRediusExtension.swift in Sources */ = {isa = PBXBuildFile; fileRef = 04E400E72A35B5A50098BD77 /* CornerRediusExtension.swift */; };
/* End PBXBuildFile section */

/* Begin PBXFileReference section */
		047700622A359B140032B053 /* RegisterViewController.swift */ = {isa = PBXFileReference; lastKnownFileType = sourcecode.swift; path = RegisterViewController.swift; sourceTree = "<group>"; };
		047E8A2D2A32089500436147 /* UserCoreDataProject2.app */ = {isa = PBXFileReference; explicitFileType = wrapper.application; includeInIndex = 0; path = UserCoreDataProject2.app; sourceTree = BUILT_PRODUCTS_DIR; };
		047E8A302A32089500436147 /* AppDelegate.swift */ = {isa = PBXFileReference; lastKnownFileType = sourcecode.swift; path = AppDelegate.swift; sourceTree = "<group>"; };
		047E8A322A32089500436147 /* SceneDelegate.swift */ = {isa = PBXFileReference; lastKnownFileType = sourcecode.swift; path = SceneDelegate.swift; sourceTree = "<group>"; };
		047E8A342A32089500436147 /* ViewController.swift */ = {isa = PBXFileReference; lastKnownFileType = sourcecode.swift; path = ViewController.swift; sourceTree = "<group>"; };
		047E8A372A32089500436147 /* Base */ = {isa = PBXFileReference; lastKnownFileType = file.storyboard; name = Base; path = Base.lproj/Main.storyboard; sourceTree = "<group>"; };
		047E8A3A2A32089500436147 /* UserCoreDataProject2.xcdatamodel */ = {isa = PBXFileReference; lastKnownFileType = wrapper.xcdatamodel; path = UserCoreDataProject2.xcdatamodel; sourceTree = "<group>"; };
		047E8A3C2A32089700436147 /* Assets.xcassets */ = {isa = PBXFileReference; lastKnownFileType = folder.assetcatalog; path = Assets.xcassets; sourceTree = "<group>"; };
		047E8A3F2A32089700436147 /* Base */ = {isa = PBXFileReference; lastKnownFileType = file.storyboard; name = Base; path = Base.lproj/LaunchScreen.storyboard; sourceTree = "<group>"; };
		047E8A412A32089700436147 /* Info.plist */ = {isa = PBXFileReference; lastKnownFileType = text.plist.xml; path = Info.plist; sourceTree = "<group>"; };
		047E8A472A3208E800436147 /* UserCell.swift */ = {isa = PBXFileReference; lastKnownFileType = sourcecode.swift; path = UserCell.swift; sourceTree = "<group>"; };
		047E8A482A3208E800436147 /* UserCell.xib */ = {isa = PBXFileReference; lastKnownFileType = file.xib; path = UserCell.xib; sourceTree = "<group>"; };
		04E400E72A35B5A50098BD77 /* CornerRediusExtension.swift */ = {isa = PBXFileReference; lastKnownFileType = sourcecode.swift; path = CornerRediusExtension.swift; sourceTree = "<group>"; };
/* End PBXFileReference section */

/* Begin PBXFrameworksBuildPhase section */
		047E8A2A2A32089500436147 /* Frameworks */ = {
			isa = PBXFrameworksBuildPhase;
			buildActionMask = 2147483647;
			files = (
			);
			runOnlyForDeploymentPostprocessing = 0;
		};
/* End PBXFrameworksBuildPhase section */

/* Begin PBXGroup section */
		047E8A242A32089500436147 = {
			isa = PBXGroup;
			children = (
				047E8A2F2A32089500436147 /* UserCoreDataProject2 */,
				047E8A2E2A32089500436147 /* Products */,
			);
			sourceTree = "<group>";
		};
		047E8A2E2A32089500436147 /* Products */ = {
			isa = PBXGroup;
			children = (
				047E8A2D2A32089500436147 /* UserCoreDataProject2.app */,
			);
			name = Products;
			sourceTree = "<group>";
		};
		047E8A2F2A32089500436147 /* UserCoreDataProject2 */ = {
			isa = PBXGroup;
			children = (
				047E8A302A32089500436147 /* AppDelegate.swift */,
				047E8A322A32089500436147 /* SceneDelegate.swift */,
				047E8A342A32089500436147 /* ViewController.swift */,
				047E8A472A3208E800436147 /* UserCell.swift */,
				04E400E72A35B5A50098BD77 /* CornerRediusExtension.swift */,
				047E8A482A3208E800436147 /* UserCell.xib */,
				047E8A362A32089500436147 /* Main.storyboard */,
				047700622A359B140032B053 /* RegisterViewController.swift */,
				047E8A3C2A32089700436147 /* Assets.xcassets */,
				047E8A3E2A32089700436147 /* LaunchScreen.storyboard */,
				047E8A412A32089700436147 /* Info.plist */,
				047E8A392A32089500436147 /* UserCoreDataProject2.xcdatamodeld */,
			);
			path = UserCoreDataProject2;
			sourceTree = "<group>";
		};
/* End PBXGroup section */

/* Begin PBXNativeTarget section */
		047E8A2C2A32089500436147 /* UserCoreDataProject2 */ = {
			isa = PBXNativeTarget;
			buildConfigurationList = 047E8A442A32089700436147 /* Build configuration list for PBXNativeTarget "UserCoreDataProject2" */;
			buildPhases = (
				047E8A292A32089500436147 /* Sources */,
				047E8A2A2A32089500436147 /* Frameworks */,
				047E8A2B2A32089500436147 /* Resources */,
			);
			buildRules = (
			);
			dependencies = (
			);
			name = UserCoreDataProject2;
			productName = UserCoreDataProject2;
			productReference = 047E8A2D2A32089500436147 /* UserCoreDataProject2.app */;
			productType = "com.apple.product-type.application";
		};
/* End PBXNativeTarget section */

/* Begin PBXProject section */
		047E8A252A32089500436147 /* Project object */ = {
			isa = PBXProject;
			attributes = {
				BuildIndependentTargetsInParallel = 1;
				LastSwiftUpdateCheck = 1410;
				LastUpgradeCheck = 1410;
				TargetAttributes = {
					047E8A2C2A32089500436147 = {
						CreatedOnToolsVersion = 14.1;
					};
				};
			};
			buildConfigurationList = 047E8A282A32089500436147 /* Build configuration list for PBXProject "UserCoreDataProject2" */;
			compatibilityVersion = "Xcode 14.0";
			developmentRegion = en;
			hasScannedForEncodings = 0;
			knownRegions = (
				en,
				Base,
			);
			mainGroup = 047E8A242A32089500436147;
			productRefGroup = 047E8A2E2A32089500436147 /* Products */;
			projectDirPath = "";
			projectRoot = "";
			targets = (
				047E8A2C2A32089500436147 /* UserCoreDataProject2 */,
			);
		};
/* End PBXProject section */

/* Begin PBXResourcesBuildPhase section */
		047E8A2B2A32089500436147 /* Resources */ = {
			isa = PBXResourcesBuildPhase;
			buildActionMask = 2147483647;
			files = (
				047E8A4A2A3208E800436147 /* UserCell.xib in Resources */,
				047E8A402A32089700436147 /* LaunchScreen.storyboard in Resources */,
				047E8A3D2A32089700436147 /* Assets.xcassets in Resources */,
				047E8A382A32089500436147 /* Main.storyboard in Resources */,
			);
			runOnlyForDeploymentPostprocessing = 0;
		};
/* End PBXResourcesBuildPhase section */

/* Begin PBXSourcesBuildPhase section */
		047E8A292A32089500436147 /* Sources */ = {
			isa = PBXSourcesBuildPhase;
			buildActionMask = 2147483647;
			files = (
				047E8A3B2A32089500436147 /* UserCoreDataProject2.xcdatamodeld in Sources */,
				047E8A352A32089500436147 /* ViewController.swift in Sources */,
				047E8A312A32089500436147 /* AppDelegate.swift in Sources */,
				047700632A359B140032B053 /* RegisterViewController.swift in Sources */,
				04E400E82A35B5A50098BD77 /* CornerRediusExtension.swift in Sources */,
				047E8A492A3208E800436147 /* UserCell.swift in Sources */,
				047E8A332A32089500436147 /* SceneDelegate.swift in Sources */,
			);
			runOnlyForDeploymentPostprocessing = 0;
		};
/* End PBXSourcesBuildPhase section */

/* Begin PBXVariantGroup section */
		047E8A362A32089500436147 /* Main.storyboard */ = {
			isa = PBXVariantGroup;
			children = (
				047E8A372A32089500436147 /* Base */,
			);
			name = Main.storyboard;
			sourceTree = "<group>";
		};
		047E8A3E2A32089700436147 /* LaunchScreen.storyboard */ = {
			isa = PBXVariantGroup;
			children = (
				047E8A3F2A32089700436147 /* Base */,
			);
			name = LaunchScreen.storyboard;
			sourceTree = "<group>";
		};
/* End PBXVariantGroup section */

/* Begin XCBuildConfiguration section */
		047E8A422A32089700436147 /* Debug */ = {
			isa = XCBuildConfiguration;
			buildSettings = {
				ALWAYS_SEARCH_USER_PATHS = NO;
				CLANG_ANALYZER_NONNULL = YES;
				CLANG_ANALYZER_NUMBER_OBJECT_CONVERSION = YES_AGGRESSIVE;
				CLANG_CXX_LANGUAGE_STANDARD = "gnu++20";
				CLANG_ENABLE_MODULES = YES;
				CLANG_ENABLE_OBJC_ARC = YES;
				CLANG_ENABLE_OBJC_WEAK = YES;
				CLANG_WARN_BLOCK_CAPTURE_AUTORELEASING = YES;
				CLANG_WARN_BOOL_CONVERSION = YES;
				CLANG_WARN_COMMA = YES;
				CLANG_WARN_CONSTANT_CONVERSION = YES;
				CLANG_WARN_DEPRECATED_OBJC_IMPLEMENTATIONS = YES;
				CLANG_WARN_DIRECT_OBJC_ISA_USAGE = YES_ERROR;
				CLANG_WARN_DOCUMENTATION_COMMENTS = YES;
				CLANG_WARN_EMPTY_BODY = YES;
				CLANG_WARN_ENUM_CONVERSION = YES;
				CLANG_WARN_INFINITE_RECURSION = YES;
				CLANG_WARN_INT_CONVERSION = YES;
				CLANG_WARN_NON_LITERAL_NULL_CONVERSION = YES;
				CLANG_WARN_OBJC_IMPLICIT_RETAIN_SELF = YES;
				CLANG_WARN_OBJC_LITERAL_CONVERSION = YES;
				CLANG_WARN_OBJC_ROOT_CLASS = YES_ERROR;
				CLANG_WARN_QUOTED_INCLUDE_IN_FRAMEWORK_HEADER = YES;
				CLANG_WARN_RANGE_LOOP_ANALYSIS = YES;
				CLANG_WARN_STRICT_PROTOTYPES = YES;
				CLANG_WARN_SUSPICIOUS_MOVE = YES;
				CLANG_WARN_UNGUARDED_AVAILABILITY = YES_AGGRESSIVE;
				CLANG_WARN_UNREACHABLE_CODE = YES;
				CLANG_WARN__DUPLICATE_METHOD_MATCH = YES;
				COPY_PHASE_STRIP = NO;
				DEBUG_INFORMATION_FORMAT = dwarf;
				ENABLE_STRICT_OBJC_MSGSEND = YES;
				ENABLE_TESTABILITY = YES;
				GCC_C_LANGUAGE_STANDARD = gnu11;
				GCC_DYNAMIC_NO_PIC = NO;
				GCC_NO_COMMON_BLOCKS = YES;
				GCC_OPTIMIZATION_LEVEL = 0;
				GCC_PREPROCESSOR_DEFINITIONS = (
					"DEBUG=1",
					"$(inherited)",
				);
				GCC_WARN_64_TO_32_BIT_CONVERSION = YES;
				GCC_WARN_ABOUT_RETURN_TYPE = YES_ERROR;
				GCC_WARN_UNDECLARED_SELECTOR = YES;
				GCC_WARN_UNINITIALIZED_AUTOS = YES_AGGRESSIVE;
				GCC_WARN_UNUSED_FUNCTION = YES;
				GCC_WARN_UNUSED_VARIABLE = YES;
				IPHONEOS_DEPLOYMENT_TARGET = 16.1;
				MTL_ENABLE_DEBUG_INFO = INCLUDE_SOURCE;
				MTL_FAST_MATH = YES;
				ONLY_ACTIVE_ARCH = YES;
				SDKROOT = iphoneos;
				SWIFT_ACTIVE_COMPILATION_CONDITIONS = DEBUG;
				SWIFT_OPTIMIZATION_LEVEL = "-Onone";
			};
			name = Debug;
		};
		047E8A432A32089700436147 /* Release */ = {
			isa = XCBuildConfiguration;
			buildSettings = {
				ALWAYS_SEARCH_USER_PATHS = NO;
				CLANG_ANALYZER_NONNULL = YES;
				CLANG_ANALYZER_NUMBER_OBJECT_CONVERSION = YES_AGGRESSIVE;
				CLANG_CXX_LANGUAGE_STANDARD = "gnu++20";
				CLANG_ENABLE_MODULES = YES;
				CLANG_ENABLE_OBJC_ARC = YES;
				CLANG_ENABLE_OBJC_WEAK = YES;
				CLANG_WARN_BLOCK_CAPTURE_AUTORELEASING = YES;
				CLANG_WARN_BOOL_CONVERSION = YES;
				CLANG_WARN_COMMA = YES;
				CLANG_WARN_CONSTANT_CONVERSION = YES;
				CLANG_WARN_DEPRECATED_OBJC_IMPLEMENTATIONS = YES;
				CLANG_WARN_DIRECT_OBJC_ISA_USAGE = YES_ERROR;
				CLANG_WARN_DOCUMENTATION_COMMENTS = YES;
				CLANG_WARN_EMPTY_BODY = YES;
				CLANG_WARN_ENUM_CONVERSION = YES;
				CLANG_WARN_INFINITE_RECURSION = YES;
				CLANG_WARN_INT_CONVERSION = YES;
				CLANG_WARN_NON_LITERAL_NULL_CONVERSION = YES;
				CLANG_WARN_OBJC_IMPLICIT_RETAIN_SELF = YES;
				CLANG_WARN_OBJC_LITERAL_CONVERSION = YES;
				CLANG_WARN_OBJC_ROOT_CLASS = YES_ERROR;
				CLANG_WARN_QUOTED_INCLUDE_IN_FRAMEWORK_HEADER = YES;
				CLANG_WARN_RANGE_LOOP_ANALYSIS = YES;
				CLANG_WARN_STRICT_PROTOTYPES = YES;
				CLANG_WARN_SUSPICIOUS_MOVE = YES;
				CLANG_WARN_UNGUARDED_AVAILABILITY = YES_AGGRESSIVE;
				CLANG_WARN_UNREACHABLE_CODE = YES;
				CLANG_WARN__DUPLICATE_METHOD_MATCH = YES;
				COPY_PHASE_STRIP = NO;
				DEBUG_INFORMATION_FORMAT = "dwarf-with-dsym";
				ENABLE_NS_ASSERTIONS = NO;
				ENABLE_STRICT_OBJC_MSGSEND = YES;
				GCC_C_LANGUAGE_STANDARD = gnu11;
				GCC_NO_COMMON_BLOCKS = YES;
				GCC_WARN_64_TO_32_BIT_CONVERSION = YES;
				GCC_WARN_ABOUT_RETURN_TYPE = YES_ERROR;
				GCC_WARN_UNDECLARED_SELECTOR = YES;
				GCC_WARN_UNINITIALIZED_AUTOS = YES_AGGRESSIVE;
				GCC_WARN_UNUSED_FUNCTION = YES;
				GCC_WARN_UNUSED_VARIABLE = YES;
				IPHONEOS_DEPLOYMENT_TARGET = 16.1;
				MTL_ENABLE_DEBUG_INFO = NO;
				MTL_FAST_MATH = YES;
				SDKROOT = iphoneos;
				SWIFT_COMPILATION_MODE = wholemodule;
				SWIFT_OPTIMIZATION_LEVEL = "-O";
				VALIDATE_PRODUCT = YES;
			};
			name = Release;
		};
		047E8A452A32089700436147 /* Debug */ = {
			isa = XCBuildConfiguration;
			buildSettings = {
				ASSETCATALOG_COMPILER_APPICON_NAME = AppIcon;
				ASSETCATALOG_COMPILER_GLOBAL_ACCENT_COLOR_NAME = AccentColor;
				CODE_SIGN_STYLE = Automatic;
				CURRENT_PROJECT_VERSION = 1;
				DEVELOPMENT_TEAM = 3KB9H7FNZB;
				GENERATE_INFOPLIST_FILE = YES;
				INFOPLIST_FILE = UserCoreDataProject2/Info.plist;
				INFOPLIST_KEY_UIApplicationSupportsIndirectInputEvents = YES;
				INFOPLIST_KEY_UILaunchStoryboardName = LaunchScreen;
				INFOPLIST_KEY_UIMainStoryboardFile = Main;
				INFOPLIST_KEY_UISupportedInterfaceOrientations_iPad = "UIInterfaceOrientationPortrait UIInterfaceOrientationPortraitUpsideDown UIInterfaceOrientationLandscapeLeft UIInterfaceOrientationLandscapeRight";
				INFOPLIST_KEY_UISupportedInterfaceOrientations_iPhone = "UIInterfaceOrientationPortrait UIInterfaceOrientationLandscapeLeft UIInterfaceOrientationLandscapeRight";
				IPHONEOS_DEPLOYMENT_TARGET = 16.1;
				LD_RUNPATH_SEARCH_PATHS = (
					"$(inherited)",
					"@executable_path/Frameworks",
				);
				MARKETING_VERSION = 1.0;
				PRODUCT_BUNDLE_IDENTIFIER = com.sadia.UserCoreDataProject2;
				PRODUCT_NAME = "$(TARGET_NAME)";
				SWIFT_EMIT_LOC_STRINGS = YES;
				SWIFT_VERSION = 5.0;
				TARGETED_DEVICE_FAMILY = "1,2";
			};
			name = Debug;
		};
		047E8A462A32089700436147 /* Release */ = {
			isa = XCBuildConfiguration;
			buildSettings = {
				ASSETCATALOG_COMPILER_APPICON_NAME = AppIcon;
				ASSETCATALOG_COMPILER_GLOBAL_ACCENT_COLOR_NAME = AccentColor;
				CODE_SIGN_STYLE = Automatic;
				CURRENT_PROJECT_VERSION = 1;
				DEVELOPMENT_TEAM = 3KB9H7FNZB;
				GENERATE_INFOPLIST_FILE = YES;
				INFOPLIST_FILE = UserCoreDataProject2/Info.plist;
				INFOPLIST_KEY_UIApplicationSupportsIndirectInputEvents = YES;
				INFOPLIST_KEY_UILaunchStoryboardName = LaunchScreen;
				INFOPLIST_KEY_UIMainStoryboardFile = Main;
				INFOPLIST_KEY_UISupportedInterfaceOrientations_iPad = "UIInterfaceOrientationPortrait UIInterfaceOrientationPortraitUpsideDown UIInterfaceOrientationLandscapeLeft UIInterfaceOrientationLandscapeRight";
				INFOPLIST_KEY_UISupportedInterfaceOrientations_iPhone = "UIInterfaceOrientationPortrait UIInterfaceOrientationLandscapeLeft UIInterfaceOrientationLandscapeRight";
				IPHONEOS_DEPLOYMENT_TARGET = 16.1;
				LD_RUNPATH_SEARCH_PATHS = (
					"$(inherited)",
					"@executable_path/Frameworks",
				);
				MARKETING_VERSION = 1.0;
				PRODUCT_BUNDLE_IDENTIFIER = com.sadia.UserCoreDataProject2;
				PRODUCT_NAME = "$(TARGET_NAME)";
				SWIFT_EMIT_LOC_STRINGS = YES;
				SWIFT_VERSION = 5.0;
				TARGETED_DEVICE_FAMILY = "1,2";
			};
			name = Release;
		};
/* End XCBuildConfiguration section */

/* Begin XCConfigurationList section */
		047E8A282A32089500436147 /* Build configuration list for PBXProject "UserCoreDataProject2" */ = {
			isa = XCConfigurationList;
			buildConfigurations = (
				047E8A422A32089700436147 /* Debug */,
				047E8A432A32089700436147 /* Release */,
			);
			defaultConfigurationIsVisible = 0;
			defaultConfigurationName = Release;
		};
		047E8A442A32089700436147 /* Build configuration list for PBXNativeTarget "UserCoreDataProject2" */ = {
			isa = XCConfigurationList;
			buildConfigurations = (
				047E8A452A32089700436147 /* Debug */,
				047E8A462A32089700436147 /* Release */,
			);
			defaultConfigurationIsVisible = 0;
			defaultConfigurationName = Release;
		};
/* End XCConfigurationList section */

/* Begin XCVersionGroup section */
		047E8A392A32089500436147 /* UserCoreDataProject2.xcdatamodeld */ = {
			isa = XCVersionGroup;
			children = (
				047E8A3A2A32089500436147 /* UserCoreDataProject2.xcdatamodel */,
			);
			currentVersion = 047E8A3A2A32089500436147 /* UserCoreDataProject2.xcdatamodel */;
			path = UserCoreDataProject2.xcdatamodeld;
			sourceTree = "<group>";
			versionGroupType = wrapper.xcdatamodel;
		};
/* End XCVersionGroup section */
	};
	rootObject = 047E8A252A32089500436147 /* Project object */;
}
